
Microsoft Visual Studio Solution File, Format Version 11.00
# Visual Studio 2010
Project("{8BC9CEB8-8B4A-11D0-8D11-00A0C91BC942}") = "VC_USB_ADC_MQ3", "VC_USB_ADC_MQ3\VC_USB_ADC_MQ3.vcxproj", "{091565F0-B506-4581-9455-767061EBEBE6}"
EndProject
Global
	GlobalSection(SolutionConfigurationPlatforms) = preSolution
		Debug|Win32 = Debug|Win32
		Release|Win32 = Release|Win32
	EndGlobalSection
	GlobalSection(ProjectConfigurationPlatforms) = postSolution
		{091565F0-B506-4581-9455-767061EBEBE6}.Debug|Win32.ActiveCfg = Debug|Win32
		{091565F0-B506-4581-9455-767061EBEBE6}.Debug|Win32.Build.0 = Debug|Win32
		{091565F0-B506-4581-9455-767061EBEBE6}.Release|Win32.ActiveCfg = Release|Win32
		{091565F0-B506-4581-9455-767061EBEBE6}.Release|Win32.Build.0 = Release|Win32
	EndGlobalSection
	GlobalSection(SolutionProperties) = preSolution
		HideSolutionNode = FALSE
	EndGlobalSection
EndGlobal
